
Microsoft Visual Studio Solution File, Format Version 12.00
# Visual Studio Version 16
VisualStudioVersion = 16.0.29926.136
MinimumVisualStudioVersion = 10.0.40219.1
Project("{FAE04EC0-301F-11D3-BF4B-00C04F79EFBC}") = "Player2VRM", "Player2VRM\Player2VRM.csproj", "{949DD2CE-C3A8-4219-9781-E39ACDE71288}"
EndProject
Global
	GlobalSection(SolutionConfigurationPlatforms) = preSolution
		Debug|Any CPU = Debug|Any CPU
		Release|Any CPU = Release|Any CPU
	EndGlobalSection
	GlobalSection(ProjectConfigurationPlatforms) = postSolution
		{949DD2CE-C3A8-4219-9781-E39ACDE71288}.Debug|Any CPU.ActiveCfg = Debug|Any CPU
		{949DD2CE-C3A8-4219-9781-E39ACDE71288}.Debug|Any CPU.Build.0 = Debug|Any CPU
		{949DD2CE-C3A8-4219-9781-E39ACDE71288}.Release|Any CPU.ActiveCfg = Release|Any CPU
		{949DD2CE-C3A8-4219-9781-E39ACDE71288}.Release|Any CPU.Build.0 = Release|Any CPU
	EndGlobalSection
	GlobalSection(SolutionProperties) = preSolution
		HideSolutionNode = FALSE
	EndGlobalSection
	GlobalSection(ExtensibilityGlobals) = postSolution
		SolutionGuid = {5AC7F229-D0F4-44B5-9E84-ACD5D37C70B4}
	EndGlobalSection
EndGlobal
